
Microsoft Visual Studio Solution File, Format Version 12.00
# Visual Studio Version 16
VisualStudioVersion = 16.0.31424.327
MinimumVisualStudioVersion = 10.0.40219.1
Project("{9A19103F-16F7-4668-BE54-9A1E7A4F7556}") = "Poly.Udp", "Udp\Poly.Udp.csproj", "{316E9620-775C-4883-B9DB-CE10203D0051}"
EndProject
Project("{9A19103F-16F7-4668-BE54-9A1E7A4F7556}") = "Poly.Udp.Tests", "Udp.Tests\Poly.Udp.Tests.csproj", "{3F085FD7-1A9D-46A0-8988-9C5D5DFDB081}"
EndProject
Global
	GlobalSection(SolutionConfigurationPlatforms) = preSolution
		Debug|Any CPU = Debug|Any CPU
		Release|Any CPU = Release|Any CPU
	EndGlobalSection
	GlobalSection(ProjectConfigurationPlatforms) = postSolution
		{316E9620-775C-4883-B9DB-CE10203D0051}.Debug|Any CPU.ActiveCfg = Debug|Any CPU
		{316E9620-775C-4883-B9DB-CE10203D0051}.Debug|Any CPU.Build.0 = Debug|Any CPU
		{316E9620-775C-4883-B9DB-CE10203D0051}.Release|Any CPU.ActiveCfg = Release|Any CPU
		{316E9620-775C-4883-B9DB-CE10203D0051}.Release|Any CPU.Build.0 = Release|Any CPU
		{3F085FD7-1A9D-46A0-8988-9C5D5DFDB081}.Debug|Any CPU.ActiveCfg = Debug|Any CPU
		{3F085FD7-1A9D-46A0-8988-9C5D5DFDB081}.Debug|Any CPU.Build.0 = Debug|Any CPU
		{3F085FD7-1A9D-46A0-8988-9C5D5DFDB081}.Release|Any CPU.ActiveCfg = Release|Any CPU
		{3F085FD7-1A9D-46A0-8988-9C5D5DFDB081}.Release|Any CPU.Build.0 = Release|Any CPU
	EndGlobalSection
	GlobalSection(SolutionProperties) = preSolution
		HideSolutionNode = FALSE
	EndGlobalSection
	GlobalSection(ExtensibilityGlobals) = postSolution
		SolutionGuid = {3F4A3E2B-59B6-49E0-AF8C-647F6136BAE6}
	EndGlobalSection
EndGlobal
